{
  "name": "spectratrace-local-bank",
  "lockfileVersion": 3,
  "requires": true,
  "packages": {
    "": {
      "name": "spectratrace-local-bank",
      "dependencies": {
        "@rdkit/rdkit": "2026.9.1",
        "jcampconverter": "9.0.0"
      },
      "engines": {
        "node": ">=24"
      }
    },
    "node_modules/@lukeed/csprng": {
      "version": "1.1.0",
      "resolved": "https://registry.npmjs.org/@lukeed/csprng/-/csprng-1.1.0.tgz",
      "integrity": "sha512-Z7C/xXCiGWsg0KuKsHTKJxbWhpI3Vs5GwLfOean7MGyVFGqdRgBbAjOCh6u4bbjPc/8MJ2pZmK/0DLdCbivLDA==",
      "license": "MIT",
      "engines": {
        "node": ">=8"
      }
    },
    "node_modules/@lukeed/uuid": {
      "version": "2.0.1",
      "resolved": "https://registry.npmjs.org/@lukeed/uuid/-/uuid-2.0.1.tgz",
      "integrity": "sha512-qC72D4+CDdjGqJvkFMMEAtancHUQ7/d/tAiHf64z8MopFDmcrtbcJuerDtFceuAfQJ2pDSfCKCtbqoGBNnwg0w==",
      "license": "MIT",
      "dependencies": {
        "@lukeed/csprng": "^1.1.0"
      },
      "engines": {
        "node": ">=8"
      }
    },
    "node_modules/@rdkit/rdkit": {
      "version": "2026.9.1",
      "resolved": "https://registry.npmjs.org/@rdkit/rdkit/-/rdkit-2026.9.1.tgz",
      "integrity": "sha512-nbdi5yEw+mG2kIxFvgVMGulS5fjNMzzocx9nKs01NAjNpFAEQVb6RDl3pd9AWEa7m5D8DR4QAS6CDzu+5xjzEA==",
      "license": "BSD-3-Clause"
    },
    "node_modules/asynckit": {
      "version": "0.4.0",
      "resolved": "https://registry.npmjs.org/asynckit/-/asynckit-0.4.0.tgz",
      "integrity": "sha512-Oei9OH4tRh0YqU3GxhX79dM/mwVgvbZJaSNaRk+bshkj0S5cfHcgYakreBjrHwatXKbz+IoIdYLxrKim2MjW0Q==",
      "license": "MIT"
    },
    "node_modules/atom-sorter": {
      "version": "1.2.0",
      "resolved": "https://registry.npmjs.org/atom-sorter/-/atom-sorter-1.2.0.tgz",
      "integrity": "sha512-WaEaDUy0UCnOEWSCa7dm2Ij41CiZEXveRUrv4H0PIJ42v2etWih7kwiGqzsEerm8Lp6zc7VOVUm/x4qIReBGbw==",
      "license": "MIT"
    },
    "node_modules/binary-search": {
      "version": "1.3.6",
      "resolved": "https://registry.npmjs.org/binary-search/-/binary-search-1.3.6.tgz",
      "integrity": "sha512-nbE1WxOTTrUWIfsfZ4aHGYu5DOuNkbxGokjV6Z2kxfJK3uaAb8zNK1muzOeipoLHZjInT4Br88BHpzevc681xA==",
      "license": "CC0-1.0"
    },
    "node_modules/call-bind-apply-helpers": {
      "version": "1.0.2",
      "resolved": "https://registry.npmjs.org/call-bind-apply-helpers/-/call-bind-apply-helpers-1.0.2.tgz",
      "integrity": "sha512-Sp1ablJ0ivDkSzjcaJdxEunN5/XvksFJ2sMBFfq6x0ryhQV/2b/KwFe21cMpmHtPOSij8K99/wSfoEuTObmuMQ==",
      "license": "MIT",
      "dependencies": {
        "es-errors": "^1.3.0",
        "function-bind": "^1.1.2"
      },
      "engines": {
        "node": ">= 0.4"
      }
    },
    "node_modules/cheminfo-types": {
      "version": "1.16.0",
      "resolved": "https://registry.npmjs.org/cheminfo-types/-/cheminfo-types-1.16.0.tgz",
      "integrity": "sha512-j0MiXFnLRVEZg3vUr7SXm6F3HuDNVE5arfQyDMiy1w2fAcuOs3QRgVsw7aOIACvr0aqbvn85cucwt+yOu64IiQ==",
      "license": "MIT"
    },
    "node_modules/combined-stream": {
      "version": "1.0.8",
      "resolved": "https://registry.npmjs.org/combined-stream/-/combined-stream-1.0.8.tgz",
      "integrity": "sha512-FQN4MRfuJeHf7cBbBMJFXhKSDq+2kAArBlmRBvcvFE5BB1HZKXtSFASDhdlz9zOYwxh8lDdnvmMOe/+5cdoEdg==",
      "license": "MIT",
      "dependencies": {
        "delayed-stream": "~1.0.0"
      },
      "engines": {
        "node": ">= 0.8"
      }
    },
    "node_modules/core-util-is": {
      "version": "1.0.3",
      "resolved": "https://registry.npmjs.org/core-util-is/-/core-util-is-1.0.3.tgz",
      "integrity": "sha512-ZQBvi1DcpJ4GDqanjucZ2Hj3wEO5pZDS89BWbkcrvdxksJorwUDDZamX9ldFkp9aw2lmBDLgkObEA4DWNJ9FYQ==",
      "license": "MIT"
    },
    "node_modules/cross-fetch": {
      "version": "3.2.0",
      "resolved": "https://registry.npmjs.org/cross-fetch/-/cross-fetch-3.2.0.tgz",
      "integrity": "sha512-Q+xVJLoGOeIMXZmbUK4HYk+69cQH6LudR0Vu/pRm2YlU/hDV9CiS0gKUMaWY5f2NeUH9C1nV3bsTlCo0FsTV1Q==",
      "license": "MIT",
      "dependencies": {
        "node-fetch": "^2.7.0"
      }
    },
    "node_modules/d3-array": {
      "version": "0.7.1",
      "resolved": "https://registry.npmjs.org/d3-array/-/d3-array-0.7.1.tgz",
      "integrity": "sha512-Ifi3fH46Bco+Lb1mOlTxbFEuF3NdyElEVVD+EmoK327I0JzKAP4x57cl+HoxHqFcVd8F/uXLC+wtY3n/R1uO2w==",
      "license": "BSD-3-Clause"
    },
    "node_modules/delayed-stream": {
      "version": "1.0.0",
      "resolved": "https://registry.npmjs.org/delayed-stream/-/delayed-stream-1.0.0.tgz",
      "integrity": "sha512-ZySD7Nf91aLB0RxL4KGrKHBXl7Eds1DAmEdcoVawXnLD7SDhpNgtuII2aAkg7a7QS41jxPSZ17p4VdGnMHk3MQ==",
      "license": "MIT",
      "engines": {
        "node": ">=0.4.0"
      }
    },
    "node_modules/dunder-proto": {
      "version": "1.0.1",
      "resolved": "https://registry.npmjs.org/dunder-proto/-/dunder-proto-1.0.1.tgz",
      "integrity": "sha512-KIN/nDJBQRcXw0MLVhZE9iQHmG68qAVIBg9CqmUYjmQIhgij9U5MFvrqkUL5FbtyyzZuOeOt0zdeRe4UY7ct+A==",
      "license": "MIT",
      "dependencies": {
        "call-bind-apply-helpers": "^1.0.1",
        "es-errors": "^1.3.0",
        "gopd": "^1.2.0"
      },
      "engines": {
        "node": ">= 0.4"
      }
    },
    "node_modules/duplexify": {
      "version": "4.1.3",
      "resolved": "https://registry.npmjs.org/duplexify/-/duplexify-4.1.3.tgz",
      "integrity": "sha512-M3BmBhwJRZsSx38lZyhE53Csddgzl5R7xGJNk7CVddZD6CcmwMCH8J+7AprIrQKH7TonKxaCjcv27Qmf+sQ+oA==",
      "license": "MIT",
      "dependencies": {
        "end-of-stream": "^1.4.1",
        "inherits": "^2.0.3",
        "readable-stream": "^3.1.1",
        "stream-shift": "^1.0.2"
      }
    },
    "node_modules/dynamic-typing": {
      "version": "0.1.3",
      "resolved": "https://registry.npmjs.org/dynamic-typing/-/dynamic-typing-0.1.3.tgz",
      "integrity": "sha512-X+MDc8tf3E5cniNtiIvOi7HiqIWU/qsigGyzCJk40qdVv0oHJdAH5bTKebIpIFr89P7YmqJ5SfnqLXkKwQEmhg==",
      "license": "MIT"
    },
    "node_modules/end-of-stream": {
      "version": "1.4.5",
      "resolved": "https://registry.npmjs.org/end-of-stream/-/end-of-stream-1.4.5.tgz",
      "integrity": "sha512-ooEGc6HP26xXq/N+GCGOT0JKCLDGrq2bQUZrQ7gyrJiZANJ/8YDTxTpQBXGMn+WbIQXNVpyWymm7KYVICQnyOg==",
      "license": "MIT",
      "dependencies": {
        "once": "^1.4.0"
      }
    },
    "node_modules/ensure-string": {
      "version": "1.2.0",
      "resolved": "https://registry.npmjs.org/ensure-string/-/ensure-string-1.2.0.tgz",
      "integrity": "sha512-Hvv2Xocfn6CSvCWgIGNzf0D5bgE6fAa65cayGOWsEXz03ej3aDpsogP3zstuLKt43zVuojQFST4XHPt9+PtuGQ==",
      "license": "MIT",
      "dependencies": {
        "cheminfo-types": "^1.1.0",
        "isutf8": "^4.0.0"
      }
    },
    "node_modules/es-define-property": {
      "version": "1.0.1",
      "resolved": "https://registry.npmjs.org/es-define-property/-/es-define-property-1.0.1.tgz",
      "integrity": "sha512-e3nRfgfUZ4rNGL232gUgX06QNyyez04KdjFrF+LTRoOXmrOgFKDg4BCdsjW8EnT69eqdYGmRpJwiPVYNrCaW3g==",
      "license": "MIT",
      "engines": {
        "node": ">= 0.4"
      }
    },
    "node_modules/es-errors": {
      "version": "1.3.0",
      "resolved": "https://registry.npmjs.org/es-errors/-/es-errors-1.3.0.tgz",
      "integrity": "sha512-Zf5H2Kxt2xjTvbJvP2ZWLEICxA6j+hAmMzIlypy4xcBg1vKVnx89Wy0GbS+kf5cwCVFFzdCFh2XSCFNULS6csw==",
      "license": "MIT",
      "engines": {
        "node": ">= 0.4"
      }
    },
    "node_modules/es-object-atoms": {
      "version": "1.1.2",
      "resolved": "https://registry.npmjs.org/es-object-atoms/-/es-object-atoms-1.1.2.tgz",
      "integrity": "sha512-HWcBoN6NileqtSydK2FqHbS/LoDd2pqrnQHLyJzBj4kOp/ky2MWMN694xOfkK8/SnUsW2DH7EfyVlydKCsm1Zw==",
      "license": "MIT",
      "dependencies": {
        "es-errors": "^1.3.0"
      },
      "engines": {
        "node": ">= 0.4"
      }
    },
    "node_modules/es-set-tostringtag": {
      "version": "2.1.0",
      "resolved": "https://registry.npmjs.org/es-set-tostringtag/-/es-set-tostringtag-2.1.0.tgz",
      "integrity": "sha512-j6vWzfrGVfyXxge+O0x5sh6cvxAog0a/4Rdd2K36zCMV5eJ+/+tOAngRO8cODMNWbVRdVlmGZQL2YS3yR8bIUA==",
      "license": "MIT",
      "dependencies": {
        "es-errors": "^1.3.0",
        "get-intrinsic": "^1.2.6",
        "has-tostringtag": "^1.0.2",
        "hasown": "^2.0.2"
      },
      "engines": {
        "node": ">= 0.4"
      }
    },
    "node_modules/fft.js": {
      "version": "4.0.4",
      "resolved": "https://registry.npmjs.org/fft.js/-/fft.js-4.0.4.tgz",
      "integrity": "sha512-f9c00hphOgeQTlDyavwTtu6RiK8AIFjD6+jvXkNkpeQ7rirK3uFWVpalkoS4LAwbdX7mfZ8aoBfFVQX1Re/8aw==",
      "license": "MIT"
    },
    "node_modules/form-data": {
      "version": "4.0.6",
      "resolved": "https://registry.npmjs.org/form-data/-/form-data-4.0.6.tgz",
      "integrity": "sha512-vKatAh4SlVfgbv+YtmhiRjhEMJsYpsG1Y2rMQtR+SVSbytsSD1YGzDIcrAJmdFec88u/+VoGmxnl+80gL1tRCQ==",
      "license": "MIT",
      "dependencies": {
        "asynckit": "^0.4.0",
        "combined-stream": "^1.0.8",
        "es-set-tostringtag": "^2.1.0",
        "hasown": "^2.0.4",
        "mime-types": "^2.1.35"
      },
      "engines": {
        "node": ">= 6"
      }
    },
    "node_modules/function-bind": {
      "version": "1.1.2",
      "resolved": "https://registry.npmjs.org/function-bind/-/function-bind-1.1.2.tgz",
      "integrity": "sha512-7XHNxH7qX9xG5mIwxkhumTox/MIRNcOgDrxWsMt2pAr23WHp6MrRlN7FBSFpCpr+oVO0F744iUgR82nJMfG2SA==",
      "license": "MIT",
      "funding": {
        "url": "https://github.com/sponsors/ljharb"
      }
    },
    "node_modules/get-intrinsic": {
      "version": "1.3.0",
      "resolved": "https://registry.npmjs.org/get-intrinsic/-/get-intrinsic-1.3.0.tgz",
      "integrity": "sha512-9fSjSaos/fRIVIp+xSJlE6lfwhES7LNtKaCBIamHsjr2na1BiABJPo0mOjjz8GJDURarmCPGqaiVg5mfjb98CQ==",
      "license": "MIT",
      "dependencies": {
        "call-bind-apply-helpers": "^1.0.2",
        "es-define-property": "^1.0.1",
        "es-errors": "^1.3.0",
        "es-object-atoms": "^1.1.1",
        "function-bind": "^1.1.2",
        "get-proto": "^1.0.1",
        "gopd": "^1.2.0",
        "has-symbols": "^1.1.0",
        "hasown": "^2.0.2",
        "math-intrinsics": "^1.1.0"
      },
      "engines": {
        "node": ">= 0.4"
      },
      "funding": {
        "url": "https://github.com/sponsors/ljharb"
      }
    },
    "node_modules/get-proto": {
      "version": "1.0.1",
      "resolved": "https://registry.npmjs.org/get-proto/-/get-proto-1.0.1.tgz",
      "integrity": "sha512-sTSfBjoXBp89JvIKIefqw7U2CCebsc74kiY6awiGogKtoSGbgjYE/G/+l9sF3MWFPNc9IcoOC4ODfKHfxFmp0g==",
      "license": "MIT",
      "dependencies": {
        "dunder-proto": "^1.0.1",
        "es-object-atoms": "^1.0.0"
      },
      "engines": {
        "node": ">= 0.4"
      }
    },
    "node_modules/gopd": {
      "version": "1.2.0",
      "resolved": "https://registry.npmjs.org/gopd/-/gopd-1.2.0.tgz",
      "integrity": "sha512-ZUKRh6/kUFoAiTAtTYPZJ3hw9wNxx+BIBOijnlG9PnrJsCcSjs1wyyD6vJpaYtgnzDrKYRSqf3OO6Rfa93xsRg==",
      "license": "MIT",
      "engines": {
        "node": ">= 0.4"
      },
      "funding": {
        "url": "https://github.com/sponsors/ljharb"
      }
    },
    "node_modules/gyromagnetic-ratio": {
      "version": "1.2.1",
      "resolved": "https://registry.npmjs.org/gyromagnetic-ratio/-/gyromagnetic-ratio-1.2.1.tgz",
      "integrity": "sha512-cOkHEsIwHNKe8v/wED9NWa8wvzLx0rpBarUrEpvzdgECMpVQzrLJkaFYsdSxnhaUtWX4uNFxX01PJeFayDCpVA==",
      "license": "MIT"
    },
    "node_modules/has-symbols": {
      "version": "1.1.0",
      "resolved": "https://registry.npmjs.org/has-symbols/-/has-symbols-1.1.0.tgz",
      "integrity": "sha512-1cDNdwJ2Jaohmb3sg4OmKaMBwuC48sYni5HUw2DvsC8LjGTLK9h+eb1X6RyuOHe4hT0ULCW68iomhjUoKUqlPQ==",
      "license": "MIT",
      "engines": {
        "node": ">= 0.4"
      },
      "funding": {
        "url": "https://github.com/sponsors/ljharb"
      }
    },
    "node_modules/has-tostringtag": {
      "version": "1.0.2",
      "resolved": "https://registry.npmjs.org/has-tostringtag/-/has-tostringtag-1.0.2.tgz",
      "integrity": "sha512-NqADB8VjPFLM2V0VvHUewwwsw0ZWBaIdgo+ieHtK3hasLz4qeCRjYcqfB6AQrBggRKppKF8L52/VqdVsO47Dlw==",
      "license": "MIT",
      "dependencies": {
        "has-symbols": "^1.0.3"
      },
      "engines": {
        "node": ">= 0.4"
      },
      "funding": {
        "url": "https://github.com/sponsors/ljharb"
      }
    },
    "node_modules/hasown": {
      "version": "2.0.4",
      "resolved": "https://registry.npmjs.org/hasown/-/hasown-2.0.4.tgz",
      "integrity": "sha512-T2UbfbBEF32wiepXIsMlTW9+dDYC6wMh/t/vYA4tuOMKqWz/n3vr1NFSxQiyP+zk2mXsoMA/i/7qV6LKut1t1A==",
      "license": "MIT",
      "dependencies": {
        "function-bind": "^1.1.2"
      },
      "engines": {
        "node": ">= 0.4"
      }
    },
    "node_modules/heap": {
      "version": "0.2.7",
      "resolved": "https://registry.npmjs.org/heap/-/heap-0.2.7.tgz",
      "integrity": "sha512-2bsegYkkHO+h/9MGbn6KWcE45cHZgPANo5LXF7EvWdT0yT2EguSVO1nDgU5c8+ZOPwp2vMNa7YFsJhVcDR9Sdg==",
      "license": "MIT"
    },
    "node_modules/inherits": {
      "version": "2.0.4",
      "resolved": "https://registry.npmjs.org/inherits/-/inherits-2.0.4.tgz",
      "integrity": "sha512-k/vGaX4/Yla3WzyMCvTQOXYeIHvqOKtnqBduzTHpzpQZzAskKMhZ2K+EnBiSM9zGSoIFeMpXKxa4dYeZIQqewQ==",
      "license": "ISC"
    },
    "node_modules/is-any-array": {
      "version": "2.0.1",
      "resolved": "https://registry.npmjs.org/is-any-array/-/is-any-array-2.0.1.tgz",
      "integrity": "sha512-UtilS7hLRu++wb/WBAw9bNuP1Eg04Ivn1vERJck8zJthEvXCBEBpGR/33u/xLKWEQf95803oalHrVDptcAvFdQ==",
      "license": "MIT"
    },
    "node_modules/isarray": {
      "version": "1.0.0",
      "resolved": "https://registry.npmjs.org/isarray/-/isarray-1.0.0.tgz",
      "integrity": "sha512-VLghIWNM6ELQzo7zwmcg0NmTVyWKYjvIeM83yjp0wRDTmUnrM678fQbcKBo6n2CJEF0szoG//ytg+TKla89ALQ==",
      "license": "MIT"
    },
    "node_modules/isutf8": {
      "version": "4.0.1",
      "resolved": "https://registry.npmjs.org/isutf8/-/isutf8-4.0.1.tgz",
      "integrity": "sha512-1pk2/2pE+G48eETnp4uOLxQ9WUCxD7oVauYwhFEAGREJPDxEO7iX9qstylrCcx3lNWa1RCS2DxGTxrHdWqS7/w==",
      "license": "MIT",
      "engines": {
        "node": ">= 12"
      }
    },
    "node_modules/jcampconverter": {
      "version": "9.0.0",
      "resolved": "https://registry.npmjs.org/jcampconverter/-/jcampconverter-9.0.0.tgz",
      "integrity": "sha512-AHKKqqshwrWx94xWFOsh7KVmIChLvK89/qiCWP4O+S4j4mpsYmJlV2xp2Pp+zFz1ixYyjf2OpTf3k/0zcTCg0Q==",
      "license": "MIT",
      "dependencies": {
        "dynamic-typing": "^0.1.3",
        "ensure-string": "^1.2.0",
        "ml-array-median": "^1.1.6",
        "nmr-processing": "^8.0.0"
      }
    },
    "node_modules/linear-sum-assignment": {
      "version": "1.0.9",
      "resolved": "https://registry.npmjs.org/linear-sum-assignment/-/linear-sum-assignment-1.0.9.tgz",
      "integrity": "sha512-1T2Ek3sxpt2mBHeBFMRJEikiIK/yIOwf+mrxv/DkAU/5ddnCMndZL//hFH7QuHa1tbaQADzsf9t7rkGZKqoFfQ==",
      "license": "MIT",
      "dependencies": {
        "cheminfo-types": "^1.8.1",
        "ml-matrix": "^6.12.1",
        "ml-spectra-processing": "^14.18.0"
      }
    },
    "node_modules/linear-sum-assignment/node_modules/is-any-array": {
      "version": "3.0.0",
      "resolved": "https://registry.npmjs.org/is-any-array/-/is-any-array-3.0.0.tgz",
      "integrity": "sha512-o4h+tylWykC4BD1vaejp6gDxoM13bwW8FGuNs4yIKpj8xbBJcRxJx8vZpq0dCr7ZDEfeKjmsi/euolKhX6f/ww==",
      "license": "MIT"
    },
    "node_modules/linear-sum-assignment/node_modules/ml-spectra-processing": {
      "version": "14.35.1",
      "resolved": "https://registry.npmjs.org/ml-spectra-processing/-/ml-spectra-processing-14.35.1.tgz",
      "integrity": "sha512-yxTB9YpgNmo53U+c2tG1/uKKUl+CNO3hlp+3utuBlhAqDw3AD9c78gI+1rYz+sykOXV76QtAXuAhFZFZjMvgDw==",
      "license": "MIT",
      "dependencies": {
        "binary-search": "^1.3.6",
        "cheminfo-types": "^1.16.0",
        "fft.js": "^4.0.4",
        "is-any-array": "^3.0.0",
        "ml-matrix": "^6.14.0",
        "ml-xsadd": "^3.0.1"
      }
    },
    "node_modules/linear-sum-assignment/node_modules/ml-xsadd": {
      "version": "3.0.1",
      "resolved": "https://registry.npmjs.org/ml-xsadd/-/ml-xsadd-3.0.1.tgz",
      "integrity": "sha512-Fz2q6dwgzGM8wYKGArTUTZDGa4lQFA2Vi6orjGeTVRy22ZnQFKlJuwS9n8NRviqz1KHAHAzdKJwbnYhdo38uYg==",
      "license": "MIT"
    },
    "node_modules/math-intrinsics": {
      "version": "1.1.0",
      "resolved": "https://registry.npmjs.org/math-intrinsics/-/math-intrinsics-1.1.0.tgz",
      "integrity": "sha512-/IXtbwEk5HTPyEwyKX6hGkYXxM9nbj64B+ilVJnC/R6B0pH5G4V3b0pVbL7DBj4tkhBAppbQUlf6F6Xl9LHu1g==",
      "license": "MIT",
      "engines": {
        "node": ">= 0.4"
      }
    },
    "node_modules/median-quickselect": {
      "version": "1.0.1",
      "resolved": "https://registry.npmjs.org/median-quickselect/-/median-quickselect-1.0.1.tgz",
      "integrity": "sha512-/QL9ptNuLsdA68qO+2o10TKCyu621zwwTFdLvtu8rzRNKsn8zvuGoq/vDxECPyELFG8wu+BpyoMR9BnsJqfVZQ==",
      "license": "ISC"
    },
    "node_modules/mime-db": {
      "version": "1.52.0",
      "resolved": "https://registry.npmjs.org/mime-db/-/mime-db-1.52.0.tgz",
      "integrity": "sha512-sPU4uV7dYlvtWJxwwxHD0PuihVNiE7TyAbQ5SWxDCB9mUYvOgroQOwYQQOKPJ8CIbE+1ETVlOoK1UC2nU3gYvg==",
      "license": "MIT",
      "engines": {
        "node": ">= 0.6"
      }
    },
    "node_modules/mime-types": {
      "version": "2.1.35",
      "resolved": "https://registry.npmjs.org/mime-types/-/mime-types-2.1.35.tgz",
      "integrity": "sha512-ZDY+bPm5zTTF+YpCrAU9nK0UgICYPT0QtT1NZWFv4s++TNkcgVaT0g6+4R2uI4MjQjzysHB1zxuWL50hzaeXiw==",
      "license": "MIT",
      "dependencies": {
        "mime-db": "1.52.0"
      },
      "engines": {
        "node": ">= 0.6"
      }
    },
    "node_modules/ml-array-max": {
      "version": "1.2.4",
      "resolved": "https://registry.npmjs.org/ml-array-max/-/ml-array-max-1.2.4.tgz",
      "integrity": "sha512-BlEeg80jI0tW6WaPyGxf5Sa4sqvcyY6lbSn5Vcv44lp1I2GR6AWojfUvLnGTNsIXrZ8uqWmo8VcG1WpkI2ONMQ==",
      "license": "MIT",
      "dependencies": {
        "is-any-array": "^2.0.0"
      }
    },
    "node_modules/ml-array-mean": {
      "version": "1.1.6",
      "resolved": "https://registry.npmjs.org/ml-array-mean/-/ml-array-mean-1.1.6.tgz",
      "integrity": "sha512-MIdf7Zc8HznwIisyiJGRH9tRigg3Yf4FldW8DxKxpCCv/g5CafTw0RRu51nojVEOXuCQC7DRVVu5c7XXO/5joQ==",
      "license": "MIT",
      "dependencies": {
        "ml-array-sum": "^1.1.6"
      }
    },
    "node_modules/ml-array-median": {
      "version": "1.1.6",
      "resolved": "https://registry.npmjs.org/ml-array-median/-/ml-array-median-1.1.6.tgz",
      "integrity": "sha512-V6bV6bTPFRX8v5CaAx/7fuRXC39LLTHfPSVZZafdNaqNz2PFL5zEA7gesjv8dMXh+gwPeUMtB5QPovlTBaa4sw==",
      "license": "MIT",
      "dependencies": {
        "is-any-array": "^2.0.0",
        "median-quickselect": "^1.0.1"
      }
    },
    "node_modules/ml-array-min": {
      "version": "1.2.3",
      "resolved": "https://registry.npmjs.org/ml-array-min/-/ml-array-min-1.2.3.tgz",
      "integrity": "sha512-VcZ5f3VZ1iihtrGvgfh/q0XlMobG6GQ8FsNyQXD3T+IlstDv85g8kfV0xUG1QPRO/t21aukaJowDzMTc7j5V6Q==",
      "license": "MIT",
      "dependencies": {
        "is-any-array": "^2.0.0"
      }
    },
    "node_modules/ml-array-rescale": {
      "version": "1.3.7",
      "resolved": "https://registry.npmjs.org/ml-array-rescale/-/ml-array-rescale-1.3.7.tgz",
      "integrity": "sha512-48NGChTouvEo9KBctDfHC3udWnQKNKEWN0ziELvY3KG25GR5cA8K8wNVzracsqSW1QEkAXjTNx+ycgAv06/1mQ==",
      "license": "MIT",
      "dependencies": {
        "is-any-array": "^2.0.0",
        "ml-array-max": "^1.2.4",
        "ml-array-min": "^1.2.3"
      }
    },
    "node_modules/ml-array-sum": {
      "version": "1.1.6",
      "resolved": "https://registry.npmjs.org/ml-array-sum/-/ml-array-sum-1.1.6.tgz",
      "integrity": "sha512-29mAh2GwH7ZmiRnup4UyibQZB9+ZLyMShvt4cH4eTK+cL2oEMIZFnSyB3SS8MlsTh6q/w/yh48KmqLxmovN4Dw==",
      "license": "MIT",
      "dependencies": {
        "is-any-array": "^2.0.0"
      }
    },
    "node_modules/ml-direct": {
      "version": "1.0.0",
      "resolved": "https://registry.npmjs.org/ml-direct/-/ml-direct-1.0.0.tgz",
      "integrity": "sha512-DyynbcLIHGCRYiJNRW6qeWpOyV/SCYwSzYDN0VP72ucIx0jn8H4GYKRTY94e0Gk+yKlOjdu3GSNY/j6nxdl9YA==",
      "license": "MIT",
      "dependencies": {
        "ml-matrix": "^6.11.0",
        "ml-spectra-processing": "^14.2.0"
      }
    },
    "node_modules/ml-direct/node_modules/is-any-array": {
      "version": "3.0.0",
      "resolved": "https://registry.npmjs.org/is-any-array/-/is-any-array-3.0.0.tgz",
      "integrity": "sha512-o4h+tylWykC4BD1vaejp6gDxoM13bwW8FGuNs4yIKpj8xbBJcRxJx8vZpq0dCr7ZDEfeKjmsi/euolKhX6f/ww==",
      "license": "MIT"
    },
    "node_modules/ml-direct/node_modules/ml-spectra-processing": {
      "version": "14.35.1",
      "resolved": "https://registry.npmjs.org/ml-spectra-processing/-/ml-spectra-processing-14.35.1.tgz",
      "integrity": "sha512-yxTB9YpgNmo53U+c2tG1/uKKUl+CNO3hlp+3utuBlhAqDw3AD9c78gI+1rYz+sykOXV76QtAXuAhFZFZjMvgDw==",
      "license": "MIT",
      "dependencies": {
        "binary-search": "^1.3.6",
        "cheminfo-types": "^1.16.0",
        "fft.js": "^4.0.4",
        "is-any-array": "^3.0.0",
        "ml-matrix": "^6.14.0",
        "ml-xsadd": "^3.0.1"
      }
    },
    "node_modules/ml-direct/node_modules/ml-xsadd": {
      "version": "3.0.1",
      "resolved": "https://registry.npmjs.org/ml-xsadd/-/ml-xsadd-3.0.1.tgz",
      "integrity": "sha512-Fz2q6dwgzGM8wYKGArTUTZDGa4lQFA2Vi6orjGeTVRy22ZnQFKlJuwS9n8NRviqz1KHAHAzdKJwbnYhdo38uYg==",
      "license": "MIT"
    },
    "node_modules/ml-disjoint-set": {
      "version": "1.0.0",
      "resolved": "https://registry.npmjs.org/ml-disjoint-set/-/ml-disjoint-set-1.0.0.tgz",
      "integrity": "sha512-UcEzgvRzVhsKpT66syfdhaK8R+av6GxDFmU37t+6WClT/kHDIN6OMRfO7OPwQIV8+L8FSc2E6lNKpvdqf6OgLw==",
      "license": "MIT"
    },
    "node_modules/ml-distance-euclidean": {
      "version": "2.0.0",
      "resolved": "https://registry.npmjs.org/ml-distance-euclidean/-/ml-distance-euclidean-2.0.0.tgz",
      "integrity": "sha512-yC9/2o8QF0A3m/0IXqCTXCzz2pNEzvmcE/9HFKOZGnTjatvBbsn4lWYJkxENkA4Ug2fnYl7PXQxnPi21sgMy/Q==",
      "license": "MIT"
    },
    "node_modules/ml-distance-matrix": {
      "version": "2.0.1",
      "resolved": "https://registry.npmjs.org/ml-distance-matrix/-/ml-distance-matrix-2.0.1.tgz",
      "integrity": "sha512-6wt3bvK8WzAjyuBt9+wnyGanphrAZyqJGwiEEfuknfu8IQBtHYWpyLhjtQ8R7rjiPyXlF9eP7GcI5L7OA1NLEQ==",
      "license": "MIT"
    },
    "node_modules/ml-fft": {
      "version": "1.3.5",
      "resolved": "https://registry.npmjs.org/ml-fft/-/ml-fft-1.3.5.tgz",
      "integrity": "sha512-laAATDyUuWPbIlX57thIds41wqFLsB+Zl7i1yrLRo/4CFg+hFaF9Xle8InblQseyiaVtt1KSlDG+6lgUMPOj3g==",
      "license": "MIT"
    },
    "node_modules/ml-floyd-warshall": {
      "version": "1.0.4",
      "resolved": "https://registry.npmjs.org/ml-floyd-warshall/-/ml-floyd-warshall-1.0.4.tgz",
      "integrity": "sha512-GnI+rKm08av3n0yX9d6nKYmQXWOymhZMyFAzZlnE1Aj+63eP8i3z1XBO8GHZpVIIM9xccVAXBB68gSEzdmT4pw==",
      "license": "MIT",
      "dependencies": {
        "ml-matrix": "^6.9.0"
      }
    },
    "node_modules/ml-gsd": {
      "version": "12.1.8",
      "resolved": "https://registry.npmjs.org/ml-gsd/-/ml-gsd-12.1.8.tgz",
      "integrity": "sha512-vcy8e1xPJ9fe2GFKMMpttzQUDxgPdo6KLTPU55lfPedL0WH9WRuIxRLbUwLbhYmB2/ZwAhzIspXcxjPCwhtsgA==",
      "license": "MIT",
      "dependencies": {
        "@lukeed/uuid": "^2.0.1",
        "cheminfo-types": "^1.7.3",
        "ml-peak-shape-generator": "^4.1.4",
        "ml-savitzky-golay-generalized": "^4.2.0",
        "ml-spectra-fitting": "^4.2.4",
        "ml-spectra-processing": "^14.5.3"
      }
    },
    "node_modules/ml-gsd/node_modules/is-any-array": {
      "version": "3.0.0",
      "resolved": "https://registry.npmjs.org/is-any-array/-/is-any-array-3.0.0.tgz",
      "integrity": "sha512-o4h+tylWykC4BD1vaejp6gDxoM13bwW8FGuNs4yIKpj8xbBJcRxJx8vZpq0dCr7ZDEfeKjmsi/euolKhX6f/ww==",
      "license": "MIT"
    },
    "node_modules/ml-gsd/node_modules/ml-spectra-processing": {
      "version": "14.35.1",
      "resolved": "https://registry.npmjs.org/ml-spectra-processing/-/ml-spectra-processing-14.35.1.tgz",
      "integrity": "sha512-yxTB9YpgNmo53U+c2tG1/uKKUl+CNO3hlp+3utuBlhAqDw3AD9c78gI+1rYz+sykOXV76QtAXuAhFZFZjMvgDw==",
      "license": "MIT",
      "dependencies": {
        "binary-search": "^1.3.6",
        "cheminfo-types": "^1.16.0",
        "fft.js": "^4.0.4",
        "is-any-array": "^3.0.0",
        "ml-matrix": "^6.14.0",
        "ml-xsadd": "^3.0.1"
      }
    },
    "node_modules/ml-gsd/node_modules/ml-xsadd": {
      "version": "3.0.1",
      "resolved": "https://registry.npmjs.org/ml-xsadd/-/ml-xsadd-3.0.1.tgz",
      "integrity": "sha512-Fz2q6dwgzGM8wYKGArTUTZDGa4lQFA2Vi6orjGeTVRy22ZnQFKlJuwS9n8NRviqz1KHAHAzdKJwbnYhdo38uYg==",
      "license": "MIT"
    },
    "node_modules/ml-hash-table": {
      "version": "1.0.0",
      "resolved": "https://registry.npmjs.org/ml-hash-table/-/ml-hash-table-1.0.0.tgz",
      "integrity": "sha512-KV2uRIUbox0xuJ5Gkmr3udX0eNqr+c2HiSqz+sqAtQOnSm46zBmzDJvZX9t4hhcqqyEmGPvxFzx5SnwCfGhXNw==",
      "license": "MIT",
      "dependencies": {
        "binary-search": "^1.3.5",
        "num-sort": "^2.0.0"
      }
    },
    "node_modules/ml-hclust": {
      "version": "3.1.0",
      "resolved": "https://registry.npmjs.org/ml-hclust/-/ml-hclust-3.1.0.tgz",
      "integrity": "sha512-EI6VCHrPHOsPsgZ1a/auhdxzHpEZ+kV7yjCGGIU+EWtb/XV1ZWSg5GlU32Qt4T05m98wCSQykPBhIg5aW6JjuQ==",
      "license": "MIT",
      "dependencies": {
        "heap": "^0.2.6",
        "ml-distance-euclidean": "^2.0.0",
        "ml-distance-matrix": "^2.0.1",
        "ml-matrix": "^6.8.0"
      }
    },
    "node_modules/ml-levenberg-marquardt": {
      "version": "4.1.3",
      "resolved": "https://registry.npmjs.org/ml-levenberg-marquardt/-/ml-levenberg-marquardt-4.1.3.tgz",
      "integrity": "sha512-CuR8mg1IIgb5IuDkdJBpnHmx+r6FpRDDPvYhAGq+4WVMLw/lu44P6PniyCrdvk1PNBmxVXN/LwBDMpQ/VaWhgA==",
      "license": "MIT",
      "dependencies": {
        "is-any-array": "^2.0.0",
        "ml-matrix": "^6.10.4"
      }
    },
    "node_modules/ml-matrix": {
      "version": "6.15.0",
      "resolved": "https://registry.npmjs.org/ml-matrix/-/ml-matrix-6.15.0.tgz",
      "integrity": "sha512-wFa1v6KP8bKp+fj0nYmRs1Pb5K4zRkXGKsOvLinvILENFIADncm4XlOI+S1M7yuACMGfI6cfk0IifDgd4j5xmw==",
      "license": "MIT",
      "dependencies": {
        "is-any-array": "^3.0.0",
        "ml-array-rescale": "^2.0.0"
      }
    },
    "node_modules/ml-matrix-convolution": {
      "version": "1.0.0",
      "resolved": "https://registry.npmjs.org/ml-matrix-convolution/-/ml-matrix-convolution-1.0.0.tgz",
      "integrity": "sha512-+gS36VTRjBMtUDXlKlAgSs+pZLfOEY0JF/64QRRNq+6KIPCfPlzVO3P41iSEjp1NPwofhLcIJBgKIZyH6ylSVA==",
      "license": "MIT",
      "dependencies": {
        "ml-fft": "1.3.5"
      }
    },
    "node_modules/ml-matrix-peaks-finder": {
      "version": "1.0.0",
      "resolved": "https://registry.npmjs.org/ml-matrix-peaks-finder/-/ml-matrix-peaks-finder-1.0.0.tgz",
      "integrity": "sha512-a3SZrvADI6kAbOvICnnNbacC+UB6xPRbgbKxGhFeISUCoe4M3g3RMp9UaUFNFA/rRjWNtW+rGioeOH8UNPZT/Q==",
      "license": "MIT",
      "dependencies": {
        "ml-disjoint-set": "^1.0.0",
        "ml-matrix-convolution": "^1.0.0"
      }
    },
    "node_modules/ml-matrix/node_modules/is-any-array": {
      "version": "3.0.0",
      "resolved": "https://registry.npmjs.org/is-any-array/-/is-any-array-3.0.0.tgz",
      "integrity": "sha512-o4h+tylWykC4BD1vaejp6gDxoM13bwW8FGuNs4yIKpj8xbBJcRxJx8vZpq0dCr7ZDEfeKjmsi/euolKhX6f/ww==",
      "license": "MIT"
    },
    "node_modules/ml-matrix/node_modules/ml-array-max": {
      "version": "2.0.0",
      "resolved": "https://registry.npmjs.org/ml-array-max/-/ml-array-max-2.0.0.tgz",
      "integrity": "sha512-QQZ4kENwpWmyNb98UXRDFXrmtIXuXtt1+bSbda/2KA85+F+rrJP8hZk6QOkCQXM2Th9mUDYdq/PNByPdT9ID4A==",
      "license": "MIT",
      "dependencies": {
        "is-any-array": "^3.0.0"
      }
    },
    "node_modules/ml-matrix/node_modules/ml-array-min": {
      "version": "2.0.0",
      "resolved": "https://registry.npmjs.org/ml-array-min/-/ml-array-min-2.0.0.tgz",
      "integrity": "sha512-GRj6Ky6sW9vGL6yIjgsHmXZ9YgrdmcQ8nCxPqEGeKc6dkfYg1XDYxGFxADUjNuZyoCd5PUscWAS4N+cFaX6hFg==",
      "license": "MIT",
      "dependencies": {
        "is-any-array": "^3.0.0"
      }
    },
    "node_modules/ml-matrix/node_modules/ml-array-rescale": {
      "version": "2.0.0",
      "resolved": "https://registry.npmjs.org/ml-array-rescale/-/ml-array-rescale-2.0.0.tgz",
      "integrity": "sha512-2GGtKfSno94/kIloWGvpp/U5Q5vLvLrza+SAaGsLeo6Xj4mEbA6Gqx+oTfZFkxnd1grT2X007HfJNs3T5BsiVg==",
      "license": "MIT",
      "dependencies": {
        "is-any-array": "^3.0.0",
        "ml-array-max": "^2.0.0",
        "ml-array-min": "^2.0.0"
      }
    },
    "node_modules/ml-peak-shape-generator": {
      "version": "4.2.0",
      "resolved": "https://registry.npmjs.org/ml-peak-shape-generator/-/ml-peak-shape-generator-4.2.0.tgz",
      "integrity": "sha512-BDtR0rhUor5/4J9pJOEMRnD+QQ5v6ohx+o6MfRRg2e2IOTeZfp/uJcy5Y852v5CsNec1GmYMkd5PYrY0245qlQ==",
      "license": "MIT",
      "dependencies": {
        "cheminfo-types": "^1.1.0"
      }
    },
    "node_modules/ml-savitzky-golay-generalized": {
      "version": "4.2.1",
      "resolved": "https://registry.npmjs.org/ml-savitzky-golay-generalized/-/ml-savitzky-golay-generalized-4.2.1.tgz",
      "integrity": "sha512-ph9WFieW81gzQCM2wGq+hZ1dNXJzLvd8XJEHrAdT8bSPaG2wfmhkFyEoamhhwDDnEyDklFrL8SuNw9lHRfC8Hg==",
      "license": "MIT",
      "dependencies": {
        "cheminfo-types": "^1.15.0",
        "is-any-array": "^3.0.0"
      }
    },
    "node_modules/ml-savitzky-golay-generalized/node_modules/is-any-array": {
      "version": "3.0.0",
      "resolved": "https://registry.npmjs.org/is-any-array/-/is-any-array-3.0.0.tgz",
      "integrity": "sha512-o4h+tylWykC4BD1vaejp6gDxoM13bwW8FGuNs4yIKpj8xbBJcRxJx8vZpq0dCr7ZDEfeKjmsi/euolKhX6f/ww==",
      "license": "MIT"
    },
    "node_modules/ml-simple-clustering": {
      "version": "0.1.0",
      "resolved": "https://registry.npmjs.org/ml-simple-clustering/-/ml-simple-clustering-0.1.0.tgz",
      "integrity": "sha512-t1jLL5nzUsNXBcAjcHTkCK2E7i2pEO1qrGzZmzS4BHWWMFxi2OUzBLTpK4MgwxLt0oQLkNGLr6NL4vcDxC2ePw==",
      "license": "MIT"
    },
    "node_modules/ml-sparse-matrix": {
      "version": "2.1.0",
      "resolved": "https://registry.npmjs.org/ml-sparse-matrix/-/ml-sparse-matrix-2.1.0.tgz",
      "integrity": "sha512-ukJGbyGv+Zc0llNLVRpegMhRFW14O+i9ZhSEGBxuuSX8g5rA1S+Q+0r2JMKDM9cNM8QsvgtOPG7z/7pbjpoqzg==",
      "license": "MIT",
      "dependencies": {
        "ml-hash-table": "^1.0.0"
      }
    },
    "node_modules/ml-spectra-fitting": {
      "version": "4.2.4",
      "resolved": "https://registry.npmjs.org/ml-spectra-fitting/-/ml-spectra-fitting-4.2.4.tgz",
      "integrity": "sha512-iq6yHKqovLeBA1+Lwzhjz3fqDz6j9vR+p5MgNUyO9yfRUOC6YrMfuesopZv7Gj/SuvGGjNWgR3z8XCjjPonedg==",
      "license": "MIT",
      "dependencies": {
        "cheminfo-types": "^1.7.2",
        "ml-array-max": "^1.2.4",
        "ml-direct": "^1.0.0",
        "ml-levenberg-marquardt": "^4.1.3",
        "ml-peak-shape-generator": "^4.1.4",
        "ml-spectra-processing": "^14.2.0"
      }
    },
    "node_modules/ml-spectra-fitting/node_modules/is-any-array": {
      "version": "3.0.0",
      "resolved": "https://registry.npmjs.org/is-any-array/-/is-any-array-3.0.0.tgz",
      "integrity": "sha512-o4h+tylWykC4BD1vaejp6gDxoM13bwW8FGuNs4yIKpj8xbBJcRxJx8vZpq0dCr7ZDEfeKjmsi/euolKhX6f/ww==",
      "license": "MIT"
    },
    "node_modules/ml-spectra-fitting/node_modules/ml-spectra-processing": {
      "version": "14.35.1",
      "resolved": "https://registry.npmjs.org/ml-spectra-processing/-/ml-spectra-processing-14.35.1.tgz",
      "integrity": "sha512-yxTB9YpgNmo53U+c2tG1/uKKUl+CNO3hlp+3utuBlhAqDw3AD9c78gI+1rYz+sykOXV76QtAXuAhFZFZjMvgDw==",
      "license": "MIT",
      "dependencies": {
        "binary-search": "^1.3.6",
        "cheminfo-types": "^1.16.0",
        "fft.js": "^4.0.4",
        "is-any-array": "^3.0.0",
        "ml-matrix": "^6.14.0",
        "ml-xsadd": "^3.0.1"
      }
    },
    "node_modules/ml-spectra-fitting/node_modules/ml-xsadd": {
      "version": "3.0.1",
      "resolved": "https://registry.npmjs.org/ml-xsadd/-/ml-xsadd-3.0.1.tgz",
      "integrity": "sha512-Fz2q6dwgzGM8wYKGArTUTZDGa4lQFA2Vi6orjGeTVRy22ZnQFKlJuwS9n8NRviqz1KHAHAzdKJwbnYhdo38uYg==",
      "license": "MIT"
    },
    "node_modules/ml-spectra-processing": {
      "version": "11.17.0",
      "resolved": "https://registry.npmjs.org/ml-spectra-processing/-/ml-spectra-processing-11.17.0.tgz",
      "integrity": "sha512-EJkPNN2V4Q0H1vGJsKUONdE6CHNxmOzI8CkMOeAUigEX33fj2HzjjikKYEQRSxmGkfwo480NZRWQxznk1vXJ/w==",
      "license": "MIT",
      "dependencies": {
        "binary-search": "^1.3.6",
        "cheminfo-types": "^1.4.0",
        "fft.js": "^4.0.4",
        "is-any-array": "^2.0.0",
        "ml-matrix": "^6.10.4",
        "ml-xsadd": "^2.0.0",
        "spline-interpolator": "^1.0.0"
      }
    },
    "node_modules/ml-tree-set": {
      "version": "0.1.1",
      "resolved": "https://registry.npmjs.org/ml-tree-set/-/ml-tree-set-0.1.1.tgz",
      "integrity": "sha512-9XZv+/hSltnsN61Cgb7PCFGxmo1HZn2JxDugnNHZDh0ZryJp7qtmcnPZLw/KrQLgG1JqdkKlfhmAYajSukb8yg==",
      "license": "MIT"
    },
    "node_modules/ml-xsadd": {
      "version": "2.0.0",
      "resolved": "https://registry.npmjs.org/ml-xsadd/-/ml-xsadd-2.0.0.tgz",
      "integrity": "sha512-VoAYUqmPRmzKbbqRejjqceGFp3VF81Qe8XXFGU0UXLxB7Mf4GGvyGq5Qn3k4AiQgDEV6WzobqlPOd+j0+m6IrA==",
      "license": "MIT"
    },
    "node_modules/nmr-correlation": {
      "version": "2.3.5",
      "resolved": "https://registry.npmjs.org/nmr-correlation/-/nmr-correlation-2.3.5.tgz",
      "integrity": "sha512-WmJXckcF+epK0u2DVv+LBahvtlbFiCbTtXQsYmq07fze6i6XLPHnFcE1q6HKtiYYbePd6ks2PMOmWQEDdU2XbA==",
      "license": "MIT",
      "dependencies": {
        "cheminfo-types": "^1.8.1",
        "ml-matrix-peaks-finder": "^1.0.0",
        "ml-peak-shape-generator": "^4.1.4"
      }
    },
    "node_modules/nmr-processing": {
      "version": "8.7.2",
      "resolved": "https://registry.npmjs.org/nmr-processing/-/nmr-processing-8.7.2.tgz",
      "integrity": "sha512-m32TjV21oaZHJRIdtOa0eD3RSETZG7SnbomL/Z6pMzZ90yxG1qUmk462Q7+ZE3tcnZse885WnTHCaIs97gMiZg==",
      "license": "MIT",
      "dependencies": {
        "binary-search": "^1.3.6",
        "cross-fetch": "^3.1.5",
        "form-data": "^4.0.0",
        "gyromagnetic-ratio": "^1.0.0",
        "is-any-array": "^2.0.0",
        "linear-sum-assignment": "^1.0.4",
        "ml-array-mean": "^1.1.6",
        "ml-array-rescale": "^1.3.7",
        "ml-array-sum": "^1.1.6",
        "ml-gsd": "^12.0.0",
        "ml-hclust": "^3.1.0",
        "ml-levenberg-marquardt": "^4.1.0",
        "ml-matrix": "^6.10.2",
        "ml-matrix-convolution": "^1.0.0",
        "ml-matrix-peaks-finder": "^1.0.0",
        "ml-peak-shape-generator": "^4.1.1",
        "ml-simple-clustering": "^0.1.0",
        "ml-sparse-matrix": "^2.1.0",
        "ml-spectra-processing": "^11.12.0",
        "ml-tree-set": "^0.1.1",
        "nmr-correlation": "^2.3.3",
        "openchemlib-utils": "^1.11.0",
        "spectrum-generator": "^8.0.4"
      }
    },
    "node_modules/node-fetch": {
      "version": "2.7.0",
      "resolved": "https://registry.npmjs.org/node-fetch/-/node-fetch-2.7.0.tgz",
      "integrity": "sha512-c4FRfUm/dbcWZ7U+1Wq0AwCyFL+3nt2bEw05wfxSz+DWpWsitgmSgYmy2dQdWyKC1694ELPqMs/YzUSNozLt8A==",
      "license": "MIT",
      "dependencies": {
        "whatwg-url": "^5.0.0"
      },
      "engines": {
        "node": "4.x || >=6.0.0"
      },
      "peerDependencies": {
        "encoding": "^0.1.0"
      },
      "peerDependenciesMeta": {
        "encoding": {
          "optional": true
        }
      }
    },
    "node_modules/num-sort": {
      "version": "2.1.0",
      "resolved": "https://registry.npmjs.org/num-sort/-/num-sort-2.1.0.tgz",
      "integrity": "sha512-1MQz1Ed8z2yckoBeSfkQHHO9K1yDRxxtotKSJ9yvcTUUxSvfvzEq5GwBrjjHEpMlq/k5gvXdmJ1SbYxWtpNoVg==",
      "license": "MIT",
      "engines": {
        "node": ">=8"
      },
      "funding": {
        "url": "https://github.com/sponsors/sindresorhus"
      }
    },
    "node_modules/once": {
      "version": "1.4.0",
      "resolved": "https://registry.npmjs.org/once/-/once-1.4.0.tgz",
      "integrity": "sha512-lNaJgI+2Q5URQBkccEKHTQOPaXdUxnZZElQTZY0MFUAuaEqe1E+Nyvgdz/aIyNi6Z9MzO5dv1H8n58/GELp3+w==",
      "license": "ISC",
      "dependencies": {
        "wrappy": "1"
      }
    },
    "node_modules/openchemlib": {
      "version": "9.25.0",
      "resolved": "https://registry.npmjs.org/openchemlib/-/openchemlib-9.25.0.tgz",
      "integrity": "sha512-FGTaZLJRTGXNC7khx8QvX/EiQBHpH1ncUbT7YXDJhw/Y/aDUKe5WrUIqTguMEtSs3GUHcRUjNUhfkpxulx2UXw==",
      "license": "BSD-3-Clause",
      "peer": true
    },
    "node_modules/openchemlib-utils": {
      "version": "1.11.0",
      "resolved": "https://registry.npmjs.org/openchemlib-utils/-/openchemlib-utils-1.11.0.tgz",
      "integrity": "sha512-ODlsFOb5llLtsbvMMqfkO3M19e2amZ8v4E4VIV0SCNzsVksemz7cThhjXNvcbW5dzfEdRmsQ9jQh1DrwIyczDQ==",
      "license": "MIT",
      "dependencies": {
        "atom-sorter": "^1.1.10",
        "ensure-string": "^1.2.0",
        "ml-floyd-warshall": "^1.0.4",
        "ml-matrix": "^6.9.0",
        "papaparse": "^5.3.2",
        "sdf-parser": "^5.0.1"
      },
      "peerDependencies": {
        "openchemlib": ">=7.4.0"
      }
    },
    "node_modules/papaparse": {
      "version": "5.7.0",
      "resolved": "https://registry.npmjs.org/papaparse/-/papaparse-5.7.0.tgz",
      "integrity": "sha512-qBGxg/7Q3Kl9Wfhrz2Z74UnvnHTXLNG6jmKJFeBvP2+y4lV7So+7SR62+Zd47JvdrCkX+nDcnr0ObPzek/+6RA==",
      "license": "MIT"
    },
    "node_modules/process-nextick-args": {
      "version": "2.0.1",
      "resolved": "https://registry.npmjs.org/process-nextick-args/-/process-nextick-args-2.0.1.tgz",
      "integrity": "sha512-3ouUOpQhtgrbOa17J7+uxOTpITYWaGP7/AhoR3+A+/1e9skrzelGi/dXzEYyvbxubEF6Wn2ypscTKiKJFFn1ag==",
      "license": "MIT"
    },
    "node_modules/pump": {
      "version": "3.0.4",
      "resolved": "https://registry.npmjs.org/pump/-/pump-3.0.4.tgz",
      "integrity": "sha512-VS7sjc6KR7e1ukRFhQSY5LM2uBWAUPiOPa/A3mkKmiMwSmRFUITt0xuj+/lesgnCv+dPIEYlkzrcyXgquIHMcA==",
      "license": "MIT",
      "dependencies": {
        "end-of-stream": "^1.1.0",
        "once": "^1.3.1"
      }
    },
    "node_modules/pumpify": {
      "version": "2.0.1",
      "resolved": "https://registry.npmjs.org/pumpify/-/pumpify-2.0.1.tgz",
      "integrity": "sha512-m7KOje7jZxrmutanlkS1daj1dS6z6BgslzOXmcSEpIlCxM3VJH7lG5QLeck/6hgF6F4crFf01UtQmNsJfweTAw==",
      "license": "MIT",
      "dependencies": {
        "duplexify": "^4.1.1",
        "inherits": "^2.0.3",
        "pump": "^3.0.0"
      }
    },
    "node_modules/readable-stream": {
      "version": "3.6.2",
      "resolved": "https://registry.npmjs.org/readable-stream/-/readable-stream-3.6.2.tgz",
      "integrity": "sha512-9u/sniCrY3D5WdsERHzHE4G2YCXqoG5FTHUiCC4SIbr6XcLZBY05ya9EKjYek9O5xOAwjGq+1JdGBAS7Q9ScoA==",
      "license": "MIT",
      "dependencies": {
        "inherits": "^2.0.3",
        "string_decoder": "^1.1.1",
        "util-deprecate": "^1.0.1"
      },
      "engines": {
        "node": ">= 6"
      }
    },
    "node_modules/safe-buffer": {
      "version": "5.2.1",
      "resolved": "https://registry.npmjs.org/safe-buffer/-/safe-buffer-5.2.1.tgz",
      "integrity": "sha512-rp3So07KcdmmKbGvgaNxQSJr7bGVSVk5S9Eq1F+ppbRo70+YeaDxkw5Dd8NPN+GD6bjnYm2VuPuCXmpuYvmCXQ==",
      "funding": [
        {
          "type": "github",
          "url": "https://github.com/sponsors/feross"
        },
        {
          "type": "patreon",
          "url": "https://www.patreon.com/feross"
        },
        {
          "type": "consulting",
          "url": "https://feross.org/support"
        }
      ],
      "license": "MIT"
    },
    "node_modules/sdf-parser": {
      "version": "5.0.2",
      "resolved": "https://registry.npmjs.org/sdf-parser/-/sdf-parser-5.0.2.tgz",
      "integrity": "sha512-yGQUWw0l/StAFkC5F5FQJX5/iSGWV2bOI9gaIuz7OKW8oOR2CII6J8TuvS0vulV/ASw1HJRNyXkECNXC6x1kAg==",
      "license": "MIT",
      "dependencies": {
        "ensure-string": "^1.2.0",
        "pumpify": "^2.0.1",
        "split2": "^4.1.0",
        "through2": "^4.0.2",
        "through2-filter": "^3.0.0"
      }
    },
    "node_modules/spectrum-generator": {
      "version": "8.2.1",
      "resolved": "https://registry.npmjs.org/spectrum-generator/-/spectrum-generator-8.2.1.tgz",
      "integrity": "sha512-gbF55gpP6crd/MUjF7GiNbtpgKCKZig9yIxQkFQT34DYH0i3boKr001ANs5zs83QA3Buzu7LqcsEVB+Kt9vrIw==",
      "license": "MIT",
      "dependencies": {
        "ml-peak-shape-generator": "^5.1.0",
        "ml-spectra-processing": "^14.28.1"
      }
    },
    "node_modules/spectrum-generator/node_modules/is-any-array": {
      "version": "3.0.0",
      "resolved": "https://registry.npmjs.org/is-any-array/-/is-any-array-3.0.0.tgz",
      "integrity": "sha512-o4h+tylWykC4BD1vaejp6gDxoM13bwW8FGuNs4yIKpj8xbBJcRxJx8vZpq0dCr7ZDEfeKjmsi/euolKhX6f/ww==",
      "license": "MIT"
    },
    "node_modules/spectrum-generator/node_modules/ml-peak-shape-generator": {
      "version": "5.6.0",
      "resolved": "https://registry.npmjs.org/ml-peak-shape-generator/-/ml-peak-shape-generator-5.6.0.tgz",
      "integrity": "sha512-8MUvu5gD3BDOEbNfIaQJJVu9fjxQ/aN2XXPtMTvC48u/ls78UbKSjbAV08gEFEsVrifrKzwyOfjf1/7pM43rMw==",
      "license": "MIT",
      "dependencies": {
        "cheminfo-types": "^1.15.0"
      }
    },
    "node_modules/spectrum-generator/node_modules/ml-spectra-processing": {
      "version": "14.35.1",
      "resolved": "https://registry.npmjs.org/ml-spectra-processing/-/ml-spectra-processing-14.35.1.tgz",
      "integrity": "sha512-yxTB9YpgNmo53U+c2tG1/uKKUl+CNO3hlp+3utuBlhAqDw3AD9c78gI+1rYz+sykOXV76QtAXuAhFZFZjMvgDw==",
      "license": "MIT",
      "dependencies": {
        "binary-search": "^1.3.6",
        "cheminfo-types": "^1.16.0",
        "fft.js": "^4.0.4",
        "is-any-array": "^3.0.0",
        "ml-matrix": "^6.14.0",
        "ml-xsadd": "^3.0.1"
      }
    },
    "node_modules/spectrum-generator/node_modules/ml-xsadd": {
      "version": "3.0.1",
      "resolved": "https://registry.npmjs.org/ml-xsadd/-/ml-xsadd-3.0.1.tgz",
      "integrity": "sha512-Fz2q6dwgzGM8wYKGArTUTZDGa4lQFA2Vi6orjGeTVRy22ZnQFKlJuwS9n8NRviqz1KHAHAzdKJwbnYhdo38uYg==",
      "license": "MIT"
    },
    "node_modules/spline-interpolator": {
      "version": "1.0.0",
      "resolved": "https://registry.npmjs.org/spline-interpolator/-/spline-interpolator-1.0.0.tgz",
      "integrity": "sha512-s8lowgsWE5wjHGEsk/4VADp7xAHw+pNy3OGp96fYjVTwLSx/83+BBmTFP2wZDRM0kj45q8zSyOV5fUcGn4hLEw==",
      "license": "MIT",
      "dependencies": {
        "d3-array": "^0.7.1"
      }
    },
    "node_modules/split2": {
      "version": "4.2.0",
      "resolved": "https://registry.npmjs.org/split2/-/split2-4.2.0.tgz",
      "integrity": "sha512-UcjcJOWknrNkF6PLX83qcHM6KHgVKNkV62Y8a5uYDVv9ydGQVwAHMKqHdJje1VTWpljG0WYpCDhrCdAOYH4TWg==",
      "license": "ISC",
      "engines": {
        "node": ">= 10.x"
      }
    },
    "node_modules/stream-shift": {
      "version": "1.0.3",
      "resolved": "https://registry.npmjs.org/stream-shift/-/stream-shift-1.0.3.tgz",
      "integrity": "sha512-76ORR0DO1o1hlKwTbi/DM3EXWGf3ZJYO8cXX5RJwnul2DEg2oyoZyjLNoQM8WsvZiFKCRfC1O0J7iCvie3RZmQ==",
      "license": "MIT"
    },
    "node_modules/string_decoder": {
      "version": "1.3.0",
      "resolved": "https://registry.npmjs.org/string_decoder/-/string_decoder-1.3.0.tgz",
      "integrity": "sha512-hkRX8U1WjJFd8LsDJ2yQ/wWWxaopEsABU1XfkM8A+j0+85JAGppt16cr1Whg6KIbb4okU6Mql6BOj+uup/wKeA==",
      "license": "MIT",
      "dependencies": {
        "safe-buffer": "~5.2.0"
      }
    },
    "node_modules/through2": {
      "version": "4.0.2",
      "resolved": "https://registry.npmjs.org/through2/-/through2-4.0.2.tgz",
      "integrity": "sha512-iOqSav00cVxEEICeD7TjLB1sueEL+81Wpzp2bY17uZjZN0pWZPuo4suZ/61VujxmqSGFfgOcNuTZ85QJwNZQpw==",
      "license": "MIT",
      "dependencies": {
        "readable-stream": "3"
      }
    },
    "node_modules/through2-filter": {
      "version": "3.0.0",
      "resolved": "https://registry.npmjs.org/through2-filter/-/through2-filter-3.0.0.tgz",
      "integrity": "sha512-jaRjI2WxN3W1V8/FMZ9HKIBXixtiqs3SQSX4/YGIiP3gL6djW48VoZq9tDqeCWs3MT8YY5wb/zli8VW8snY1CA==",
      "license": "MIT",
      "dependencies": {
        "through2": "~2.0.0",
        "xtend": "~4.0.0"
      }
    },
    "node_modules/through2-filter/node_modules/readable-stream": {
      "version": "2.3.8",
      "resolved": "https://registry.npmjs.org/readable-stream/-/readable-stream-2.3.8.tgz",
      "integrity": "sha512-8p0AUk4XODgIewSi0l8Epjs+EVnWiK7NoDIEGU0HhE7+ZyY8D1IMY7odu5lRrFXGg71L15KG8QrPmum45RTtdA==",
      "license": "MIT",
      "dependencies": {
        "core-util-is": "~1.0.0",
        "inherits": "~2.0.3",
        "isarray": "~1.0.0",
        "process-nextick-args": "~2.0.0",
        "safe-buffer": "~5.1.1",
        "string_decoder": "~1.1.1",
        "util-deprecate": "~1.0.1"
      }
    },
    "node_modules/through2-filter/node_modules/safe-buffer": {
      "version": "5.1.2",
      "resolved": "https://registry.npmjs.org/safe-buffer/-/safe-buffer-5.1.2.tgz",
      "integrity": "sha512-Gd2UZBJDkXlY7GbJxfsE8/nvKkUEU1G38c1siN6QP6a9PT9MmHB8GnpscSmMJSoF8LOIrt8ud/wPtojys4G6+g==",
      "license": "MIT"
    },
    "node_modules/through2-filter/node_modules/string_decoder": {
      "version": "1.1.1",
      "resolved": "https://registry.npmjs.org/string_decoder/-/string_decoder-1.1.1.tgz",
      "integrity": "sha512-n/ShnvDi6FHbbVfviro+WojiFzv+s8MPMHBczVePfUpDJLwoLT0ht1l4YwBCbi8pJAveEEdnkHyPyTP/mzRfwg==",
      "license": "MIT",
      "dependencies": {
        "safe-buffer": "~5.1.0"
      }
    },
    "node_modules/through2-filter/node_modules/through2": {
      "version": "2.0.5",
      "resolved": "https://registry.npmjs.org/through2/-/through2-2.0.5.tgz",
      "integrity": "sha512-/mrRod8xqpA+IHSLyGCQ2s8SPHiCDEeQJSep1jqLYeEUClOFG2Qsh+4FU6G9VeqpZnGW/Su8LQGc4YKni5rYSQ==",
      "license": "MIT",
      "dependencies": {
        "readable-stream": "~2.3.6",
        "xtend": "~4.0.1"
      }
    },
    "node_modules/tr46": {
      "version": "0.0.3",
      "resolved": "https://registry.npmjs.org/tr46/-/tr46-0.0.3.tgz",
      "integrity": "sha512-N3WMsuqV66lT30CrXNbEjx4GEwlow3v6rr4mCcv6prnfwhS01rkgyFdjPNBYd9br7LpXV1+Emh01fHnq2Gdgrw==",
      "license": "MIT"
    },
    "node_modules/util-deprecate": {
      "version": "1.0.2",
      "resolved": "https://registry.npmjs.org/util-deprecate/-/util-deprecate-1.0.2.tgz",
      "integrity": "sha512-EPD5q1uXyFxJpCrLnCc1nHnq3gOa6DZBocAIiI2TaSCA7VCJ1UJDMagCzIkXNsUYfD1daK//LTEQ8xiIbrHtcw==",
      "license": "MIT"
    },
    "node_modules/webidl-conversions": {
      "version": "3.0.1",
      "resolved": "https://registry.npmjs.org/webidl-conversions/-/webidl-conversions-3.0.1.tgz",
      "integrity": "sha512-2JAn3z8AR6rjK8Sm8orRC0h/bcl/DqL7tRPdGZ4I1CjdF+EaMLmYxBHyXuKL849eucPFhvBoxMsflfOb8kxaeQ==",
      "license": "BSD-2-Clause"
    },
    "node_modules/whatwg-url": {
      "version": "5.0.0",
      "resolved": "https://registry.npmjs.org/whatwg-url/-/whatwg-url-5.0.0.tgz",
      "integrity": "sha512-saE57nupxk6v3HY35+jzBwYa0rKSy0XR8JSxZPwgLr7ys0IBzhGviA1/TUGJLmSVqs8pb9AnvICXEuOHLprYTw==",
      "license": "MIT",
      "dependencies": {
        "tr46": "~0.0.3",
        "webidl-conversions": "^3.0.0"
      }
    },
    "node_modules/wrappy": {
      "version": "1.0.2",
      "resolved": "https://registry.npmjs.org/wrappy/-/wrappy-1.0.2.tgz",
      "integrity": "sha512-l4Sp/DRseor9wL6EvV2+TuQn63dMkPjZ/sp9XkghTEbV9KlPS1xUsZ3u7/IQO4wxtcFB4bgpQPRcR3QCvezPcQ==",
      "license": "ISC"
    },
    "node_modules/xtend": {
      "version": "4.0.2",
      "resolved": "https://registry.npmjs.org/xtend/-/xtend-4.0.2.tgz",
      "integrity": "sha512-LKYU1iAXJXUgAXn9URjiu+MWhyUXHsvfp7mcuYm9dSUKK0/CjtrUwFAxD82/mCWbtLsGjFIad0wIsod4zrTAEQ==",
      "license": "MIT",
      "engines": {
        "node": ">=0.4"
      }
    }
  }
}
